<Solution>
  <Folder Name="/Solution Items/">
    <File Path=".editorconfig" />
    <File Path="COPYING.txt" />
    <File Path="Directory.Build.props" />
    <File Path="global.json" />
    <File Path="README.md" />
  </Folder>
  <Folder Name="/src/">
    <Project Path="src/BuildConstants.csproj" />
  </Folder>
  <Folder Name="/tests/">
    <Project Path="tests/BuildConstants.Tests/BuildConstants.Tests.csproj" />
  </Folder>
</Solution>
