<Solution>
  <Folder Name="/Solution Items/">
    <File Path=".editorconfig" />
    <File Path="COPYING.txt" />
    <File Path="Directory.Build.props" />
    <File Path="global.json" />
    <File Path="README.md" />
  </Folder>
  <Project Path="src/BuildConstants.csproj" />
  <Project Path="tests/Integration/IntegrationTests.csproj" />
</Solution>
